
Microsoft Visual Studio Solution File, Format Version 12.00
# Visual Studio 15
Project("{2150E333-8FDC-42A3-9474-1A3956D46DE8}") = "Solution Items", "Solution Items", "{BB5F2CBC-703B-4C8E-B488-3F18B6F852BC}"
	ProjectSection(SolutionItems) = preProject
		portfolioJS.js = portfolioJS.js
		index.html = index.html
	EndProjectSection
EndProject
Project("{2150E333-8FDC-42A3-9474-1A3956D46DE8}") = "images", "images", "{4692B789-181C-449C-B830-FD7E2B27A6F5}"
	ProjectSection(SolutionItems) = preProject
		images\pageIcon.png = images\pageIcon.png
		images\HatefulSpaceSS.png = images\HatefulSpaceSS.png
		images\joelG.png = images\joelG.png
		images\joelB.png = images\joelB.png
		images\profile.png = images\profile.png
		images\scroll_indicator.png = images\scroll_indicator.png
	EndProjectSection
EndProject
Project("{2150E333-8FDC-42A3-9474-1A3956D46DE8}") = "css", "css", "{A581E93E-3838-413D-96FA-8BB25159EFB7}"
	ProjectSection(SolutionItems) = preProject
		animation.css = animation.css
		portfolioCSS.css = portfolioCSS.css
		smallDevices.css = smallDevices.css
	EndProjectSection
EndProject
Global
	GlobalSection(SolutionConfigurationPlatforms) = preSolution
	EndGlobalSection
	GlobalSection(ProjectConfigurationPlatforms) = postSolution
	EndGlobalSection
	GlobalSection(NestedProjects) = preSolution
	EndGlobalSection
EndGlobal
